######################################################################################################
# @Leroyby
# Original Repo : https://github.com/leroyby/Homeassistant-Config
# Timer Alarmclock
######################################################################################################

alarmclock_1:
    duration: '00:00:10'