######################################################################################################
# @Leroyby
# Original Repo : https://github.com/Leroyby/Homeassistant-Config
# Automation Frontdoor Lock
######################################################################################################

- alias: Lock Frontdoor
  trigger:
    - platform: time_pattern
      # Matches every hour at 1 minute past whole
      minutes: 3
  condition:
    condition: state
    entity_id: lock.frontdoor
    state: "unlocked"
  action:
  - service: lock.lock
    target:
        entity_id: lock.frontdoor

